// !$*UTF8*$!
{
	archiveVersion = 1;
	classes = {
	};
	objectVersion = 50;
	objects = {

/* Begin PBXBuildFile section */
		F17D0D7627177F8800190257 /* AppDelegate.swift in Sources */ = {isa = PBXBuildFile; fileRef = F17D0D7527177F8800190257 /* AppDelegate.swift */; };
		F17D0D7827177F8800190257 /* SceneDelegate.swift in Sources */ = {isa = PBXBuildFile; fileRef = F17D0D7727177F8800190257 /* SceneDelegate.swift */; };
		F17D0D7A27177F8800190257 /* ViewController.swift in Sources */ = {isa = PBXBuildFile; fileRef = F17D0D7927177F8800190257 /* ViewController.swift */; };
		F17D0D7D27177F8800190257 /* Main.storyboard in Resources */ = {isa = PBXBuildFile; fileRef = F17D0D7B27177F8800190257 /* Main.storyboard */; };
		F17D0D8027177F8800190257 /* ColeccionDeJuegos.xcdatamodeld in Sources */ = {isa = PBXBuildFile; fileRef = F17D0D7E27177F8800190257 /* ColeccionDeJuegos.xcdatamodeld */; };
		F17D0D8227177F8900190257 /* Assets.xcassets in Resources */ = {isa = PBXBuildFile; fileRef = F17D0D8127177F8900190257 /* Assets.xcassets */; };
		F17D0D8527177F8900190257 /* LaunchScreen.storyboard in Resources */ = {isa = PBXBuildFile; fileRef = F17D0D8327177F8900190257 /* LaunchScreen.storyboard */; };
		F1AAEDE7271F987A0015FB1F /* JuegosViewController.swift in Sources */ = {isa = PBXBuildFile; fileRef = F1AAEDE6271F987A0015FB1F /* JuegosViewController.swift */; };
/* End PBXBuildFile section */

/* Begin PBXFileReference section */
		F17D0D7227177F8800190257 /* ColeccionDeJuegos.app */ = {isa = PBXFileReference; explicitFileType = wrapper.application; includeInIndex = 0; path = ColeccionDeJuegos.app; sourceTree = BUILT_PRODUCTS_DIR; };
		F17D0D7527177F8800190257 /* AppDelegate.swift */ = {isa = PBXFileReference; lastKnownFileType = sourcecode.swift; path = AppDelegate.swift; sourceTree = "<group>"; };
		F17D0D7727177F8800190257 /* SceneDelegate.swift */ = {isa = PBXFileReference; lastKnownFileType = sourcecode.swift; path = SceneDelegate.swift; sourceTree = "<group>"; };
		F17D0D7927177F8800190257 /* ViewController.swift */ = {isa = PBXFileReference; lastKnownFileType = sourcecode.swift; path = ViewController.swift; sourceTree = "<group>"; };
		F17D0D7C27177F8800190257 /* Base */ = {isa = PBXFileReference; lastKnownFileType = file.storyboard; name = Base; path = Base.lproj/Main.storyboard; sourceTree = "<group>"; };
		F17D0D7F27177F8800190257 /* ColeccionDeJuegos.xcdatamodel */ = {isa = PBXFileReference; lastKnownFileType = wrapper.xcdatamodel; path = ColeccionDeJuegos.xcdatamodel; sourceTree = "<group>"; };
		F17D0D8127177F8900190257 /* Assets.xcassets */ = {isa = PBXFileReference; lastKnownFileType = folder.assetcatalog; path = Assets.xcassets; sourceTree = "<group>"; };
		F17D0D8427177F8900190257 /* Base */ = {isa = PBXFileReference; lastKnownFileType = file.storyboard; name = Base; path = Base.lproj/LaunchScreen.storyboard; sourceTree = "<group>"; };
		F17D0D8627177F8900190257 /* Info.plist */ = {isa = PBXFileReference; lastKnownFileType = text.plist.xml; path = Info.plist; sourceTree = "<group>"; };
		F1AAEDE6271F987A0015FB1F /* JuegosViewController.swift */ = {isa = PBXFileReference; lastKnownFileType = sourcecode.swift; path = JuegosViewController.swift; sourceTree = "<group>"; };
/* End PBXFileReference section */

/* Begin PBXFrameworksBuildPhase section */
		F17D0D6F27177F8800190257 /* Frameworks */ = {
			isa = PBXFrameworksBuildPhase;
			buildActionMask = 2147483647;
			files = (
			);
			runOnlyForDeploymentPostprocessing = 0;
		};
/* End PBXFrameworksBuildPhase section */

/* Begin PBXGroup section */
		F17D0D6927177F8800190257 = {
			isa = PBXGroup;
			children = (
				F17D0D7427177F8800190257 /* ColeccionDeJuegos */,
				F17D0D7327177F8800190257 /* Products */,
			);
			sourceTree = "<group>";
		};
		F17D0D7327177F8800190257 /* Products */ = {
			isa = PBXGroup;
			children = (
				F17D0D7227177F8800190257 /* ColeccionDeJuegos.app */,
			);
			name = Products;
			sourceTree = "<group>";
		};
		F17D0D7427177F8800190257 /* ColeccionDeJuegos */ = {
			isa = PBXGroup;
			children = (
				F17D0D7527177F8800190257 /* AppDelegate.swift */,
				F17D0D7727177F8800190257 /* SceneDelegate.swift */,
				F17D0D7927177F8800190257 /* ViewController.swift */,
				F17D0D7B27177F8800190257 /* Main.storyboard */,
				F1AAEDE6271F987A0015FB1F /* JuegosViewController.swift */,
				F17D0D8127177F8900190257 /* Assets.xcassets */,
				F17D0D8327177F8900190257 /* LaunchScreen.storyboard */,
				F17D0D8627177F8900190257 /* Info.plist */,
				F17D0D7E27177F8800190257 /* ColeccionDeJuegos.xcdatamodeld */,
			);
			path = ColeccionDeJuegos;
			sourceTree = "<group>";
		};
/* End PBXGroup section */

/* Begin PBXNativeTarget section */
		F17D0D7127177F8800190257 /* ColeccionDeJuegos */ = {
			isa = PBXNativeTarget;
			buildConfigurationList = F17D0D8927177F8900190257 /* Build configuration list for PBXNativeTarget "ColeccionDeJuegos" */;
			buildPhases = (
				F17D0D6E27177F8800190257 /* Sources */,
				F17D0D6F27177F8800190257 /* Frameworks */,
				F17D0D7027177F8800190257 /* Resources */,
			);
			buildRules = (
			);
			dependencies = (
			);
			name = ColeccionDeJuegos;
			productName = ColeccionDeJuegos;
			productReference = F17D0D7227177F8800190257 /* ColeccionDeJuegos.app */;
			productType = "com.apple.product-type.application";
		};
/* End PBXNativeTarget section */

/* Begin PBXProject section */
		F17D0D6A27177F8800190257 /* Project object */ = {
			isa = PBXProject;
			attributes = {
				LastSwiftUpdateCheck = 1130;
				LastUpgradeCheck = 1130;
				ORGANIZATIONNAME = empresa;
				TargetAttributes = {
					F17D0D7127177F8800190257 = {
						CreatedOnToolsVersion = 11.3.1;
					};
				};
			};
			buildConfigurationList = F17D0D6D27177F8800190257 /* Build configuration list for PBXProject "ColeccionDeJuegos" */;
			compatibilityVersion = "Xcode 9.3";
			developmentRegion = en;
			hasScannedForEncodings = 0;
			knownRegions = (
				en,
				Base,
			);
			mainGroup = F17D0D6927177F8800190257;
			productRefGroup = F17D0D7327177F8800190257 /* Products */;
			projectDirPath = "";
			projectRoot = "";
			targets = (
				F17D0D7127177F8800190257 /* ColeccionDeJuegos */,
			);
		};
/* End PBXProject section */

/* Begin PBXResourcesBuildPhase section */
		F17D0D7027177F8800190257 /* Resources */ = {
			isa = PBXResourcesBuildPhase;
			buildActionMask = 2147483647;
			files = (
				F17D0D8527177F8900190257 /* LaunchScreen.storyboard in Resources */,
				F17D0D8227177F8900190257 /* Assets.xcassets in Resources */,
				F17D0D7D27177F8800190257 /* Main.storyboard in Resources */,
			);
			runOnlyForDeploymentPostprocessing = 0;
		};
/* End PBXResourcesBuildPhase section */

/* Begin PBXSourcesBuildPhase section */
		F17D0D6E27177F8800190257 /* Sources */ = {
			isa = PBXSourcesBuildPhase;
			buildActionMask = 2147483647;
			files = (
				F1AAEDE7271F987A0015FB1F /* JuegosViewController.swift in Sources */,
				F17D0D7A27177F8800190257 /* ViewController.swift in Sources */,
				F17D0D7627177F8800190257 /* AppDelegate.swift in Sources */,
				F17D0D7827177F8800190257 /* SceneDelegate.swift in Sources */,
				F17D0D8027177F8800190257 /* ColeccionDeJuegos.xcdatamodeld in Sources */,
			);
			runOnlyForDeploymentPostprocessing = 0;
		};
/* End PBXSourcesBuildPhase section */

/* Begin PBXVariantGroup section */
		F17D0D7B27177F8800190257 /* Main.storyboard */ = {
			isa = PBXVariantGroup;
			children = (
				F17D0D7C27177F8800190257 /* Base */,
			);
			name = Main.storyboard;
			sourceTree = "<group>";
		};
		F17D0D8327177F8900190257 /* LaunchScreen.storyboard */ = {
			isa = PBXVariantGroup;
			children = (
				F17D0D8427177F8900190257 /* Base */,
			);
			name = LaunchScreen.storyboard;
			sourceTree = "<group>";
		};
/* End PBXVariantGroup section */

/* Begin XCBuildConfiguration section */
		F17D0D8727177F8900190257 /* Debug */ = {
			isa = XCBuildConfiguration;
			buildSettings = {
				ALWAYS_SEARCH_USER_PATHS = NO;
				CLANG_ANALYZER_NONNULL = YES;
				CLANG_ANALYZER_NUMBER_OBJECT_CONVERSION = YES_AGGRESSIVE;
				CLANG_CXX_LANGUAGE_STANDARD = "gnu++14";
				CLANG_CXX_LIBRARY = "libc++";
				CLANG_ENABLE_MODULES = YES;
				CLANG_ENABLE_OBJC_ARC = YES;
				CLANG_ENABLE_OBJC_WEAK = YES;
				CLANG_WARN_BLOCK_CAPTURE_AUTORELEASING = YES;
				CLANG_WARN_BOOL_CONVERSION = YES;
				CLANG_WARN_COMMA = YES;
				CLANG_WARN_CONSTANT_CONVERSION = YES;
				CLANG_WARN_DEPRECATED_OBJC_IMPLEMENTATIONS = YES;
				CLANG_WARN_DIRECT_OBJC_ISA_USAGE = YES_ERROR;
				CLANG_WARN_DOCUMENTATION_COMMENTS = YES;
				CLANG_WARN_EMPTY_BODY = YES;
				CLANG_WARN_ENUM_CONVERSION = YES;
				CLANG_WARN_INFINITE_RECURSION = YES;
				CLANG_WARN_INT_CONVERSION = YES;
				CLANG_WARN_NON_LITERAL_NULL_CONVERSION = YES;
				CLANG_WARN_OBJC_IMPLICIT_RETAIN_SELF = YES;
				CLANG_WARN_OBJC_LITERAL_CONVERSION = YES;
				CLANG_WARN_OBJC_ROOT_CLASS = YES_ERROR;
				CLANG_WARN_RANGE_LOOP_ANALYSIS = YES;
				CLANG_WARN_STRICT_PROTOTYPES = YES;
				CLANG_WARN_SUSPICIOUS_MOVE = YES;
				CLANG_WARN_UNGUARDED_AVAILABILITY = YES_AGGRESSIVE;
				CLANG_WARN_UNREACHABLE_CODE = YES;
				CLANG_WARN__DUPLICATE_METHOD_MATCH = YES;
				COPY_PHASE_STRIP = NO;
				DEBUG_INFORMATION_FORMAT = dwarf;
				ENABLE_STRICT_OBJC_MSGSEND = YES;
				ENABLE_TESTABILITY = YES;
				GCC_C_LANGUAGE_STANDARD = gnu11;
				GCC_DYNAMIC_NO_PIC = NO;
				GCC_NO_COMMON_BLOCKS = YES;
				GCC_OPTIMIZATION_LEVEL = 0;
				GCC_PREPROCESSOR_DEFINITIONS = (
					"DEBUG=1",
					"$(inherited)",
				);
				GCC_WARN_64_TO_32_BIT_CONVERSION = YES;
				GCC_WARN_ABOUT_RETURN_TYPE = YES_ERROR;
				GCC_WARN_UNDECLARED_SELECTOR = YES;
				GCC_WARN_UNINITIALIZED_AUTOS = YES_AGGRESSIVE;
				GCC_WARN_UNUSED_FUNCTION = YES;
				GCC_WARN_UNUSED_VARIABLE = YES;
				IPHONEOS_DEPLOYMENT_TARGET = 13.2;
				MTL_ENABLE_DEBUG_INFO = INCLUDE_SOURCE;
				MTL_FAST_MATH = YES;
				ONLY_ACTIVE_ARCH = YES;
				SDKROOT = iphoneos;
				SWIFT_ACTIVE_COMPILATION_CONDITIONS = DEBUG;
				SWIFT_OPTIMIZATION_LEVEL = "-Onone";
			};
			name = Debug;
		};
		F17D0D8827177F8900190257 /* Release */ = {
			isa = XCBuildConfiguration;
			buildSettings = {
				ALWAYS_SEARCH_USER_PATHS = NO;
				CLANG_ANALYZER_NONNULL = YES;
				CLANG_ANALYZER_NUMBER_OBJECT_CONVERSION = YES_AGGRESSIVE;
				CLANG_CXX_LANGUAGE_STANDARD = "gnu++14";
				CLANG_CXX_LIBRARY = "libc++";
				CLANG_ENABLE_MODULES = YES;
				CLANG_ENABLE_OBJC_ARC = YES;
				CLANG_ENABLE_OBJC_WEAK = YES;
				CLANG_WARN_BLOCK_CAPTURE_AUTORELEASING = YES;
				CLANG_WARN_BOOL_CONVERSION = YES;
				CLANG_WARN_COMMA = YES;
				CLANG_WARN_CONSTANT_CONVERSION = YES;
				CLANG_WARN_DEPRECATED_OBJC_IMPLEMENTATIONS = YES;
				CLANG_WARN_DIRECT_OBJC_ISA_USAGE = YES_ERROR;
				CLANG_WARN_DOCUMENTATION_COMMENTS = YES;
				CLANG_WARN_EMPTY_BODY = YES;
				CLANG_WARN_ENUM_CONVERSION = YES;
				CLANG_WARN_INFINITE_RECURSION = YES;
				CLANG_WARN_INT_CONVERSION = YES;
				CLANG_WARN_NON_LITERAL_NULL_CONVERSION = YES;
				CLANG_WARN_OBJC_IMPLICIT_RETAIN_SELF = YES;
				CLANG_WARN_OBJC_LITERAL_CONVERSION = YES;
				CLANG_WARN_OBJC_ROOT_CLASS = YES_ERROR;
				CLANG_WARN_RANGE_LOOP_ANALYSIS = YES;
				CLANG_WARN_STRICT_PROTOTYPES = YES;
				CLANG_WARN_SUSPICIOUS_MOVE = YES;
				CLANG_WARN_UNGUARDED_AVAILABILITY = YES_AGGRESSIVE;
				CLANG_WARN_UNREACHABLE_CODE = YES;
				CLANG_WARN__DUPLICATE_METHOD_MATCH = YES;
				COPY_PHASE_STRIP = NO;
				DEBUG_INFORMATION_FORMAT = "dwarf-with-dsym";
				ENABLE_NS_ASSERTIONS = NO;
				ENABLE_STRICT_OBJC_MSGSEND = YES;
				GCC_C_LANGUAGE_STANDARD = gnu11;
				GCC_NO_COMMON_BLOCKS = YES;
				GCC_WARN_64_TO_32_BIT_CONVERSION = YES;
				GCC_WARN_ABOUT_RETURN_TYPE = YES_ERROR;
				GCC_WARN_UNDECLARED_SELECTOR = YES;
				GCC_WARN_UNINITIALIZED_AUTOS = YES_AGGRESSIVE;
				GCC_WARN_UNUSED_FUNCTION = YES;
				GCC_WARN_UNUSED_VARIABLE = YES;
				IPHONEOS_DEPLOYMENT_TARGET = 13.2;
				MTL_ENABLE_DEBUG_INFO = NO;
				MTL_FAST_MATH = YES;
				SDKROOT = iphoneos;
				SWIFT_COMPILATION_MODE = wholemodule;
				SWIFT_OPTIMIZATION_LEVEL = "-O";
				VALIDATE_PRODUCT = YES;
			};
			name = Release;
		};
		F17D0D8A27177F8900190257 /* Debug */ = {
			isa = XCBuildConfiguration;
			buildSettings = {
				ASSETCATALOG_COMPILER_APPICON_NAME = AppIcon;
				CODE_SIGN_STYLE = Automatic;
				INFOPLIST_FILE = ColeccionDeJuegos/Info.plist;
				LD_RUNPATH_SEARCH_PATHS = (
					"$(inherited)",
					"@executable_path/Frameworks",
				);
				PRODUCT_BUNDLE_IDENTIFIER = com.miempresa.ColeccionDeJuegos;
				PRODUCT_NAME = "$(TARGET_NAME)";
				SWIFT_VERSION = 5.0;
				TARGETED_DEVICE_FAMILY = "1,2";
			};
			name = Debug;
		};
		F17D0D8B27177F8900190257 /* Release */ = {
			isa = XCBuildConfiguration;
			buildSettings = {
				ASSETCATALOG_COMPILER_APPICON_NAME = AppIcon;
				CODE_SIGN_STYLE = Automatic;
				INFOPLIST_FILE = ColeccionDeJuegos/Info.plist;
				LD_RUNPATH_SEARCH_PATHS = (
					"$(inherited)",
					"@executable_path/Frameworks",
				);
				PRODUCT_BUNDLE_IDENTIFIER = com.miempresa.ColeccionDeJuegos;
				PRODUCT_NAME = "$(TARGET_NAME)";
				SWIFT_VERSION = 5.0;
				TARGETED_DEVICE_FAMILY = "1,2";
			};
			name = Release;
		};
/* End XCBuildConfiguration section */

/* Begin XCConfigurationList section */
		F17D0D6D27177F8800190257 /* Build configuration list for PBXProject "ColeccionDeJuegos" */ = {
			isa = XCConfigurationList;
			buildConfigurations = (
				F17D0D8727177F8900190257 /* Debug */,
				F17D0D8827177F8900190257 /* Release */,
			);
			defaultConfigurationIsVisible = 0;
			defaultConfigurationName = Release;
		};
		F17D0D8927177F8900190257 /* Build configuration list for PBXNativeTarget "ColeccionDeJuegos" */ = {
			isa = XCConfigurationList;
			buildConfigurations = (
				F17D0D8A27177F8900190257 /* Debug */,
				F17D0D8B27177F8900190257 /* Release */,
			);
			defaultConfigurationIsVisible = 0;
			defaultConfigurationName = Release;
		};
/* End XCConfigurationList section */

/* Begin XCVersionGroup section */
		F17D0D7E27177F8800190257 /* ColeccionDeJuegos.xcdatamodeld */ = {
			isa = XCVersionGroup;
			children = (
				F17D0D7F27177F8800190257 /* ColeccionDeJuegos.xcdatamodel */,
			);
			currentVersion = F17D0D7F27177F8800190257 /* ColeccionDeJuegos.xcdatamodel */;
			path = ColeccionDeJuegos.xcdatamodeld;
			sourceTree = "<group>";
			versionGroupType = wrapper.xcdatamodel;
		};
/* End XCVersionGroup section */
	};
	rootObject = F17D0D6A27177F8800190257 /* Project object */;
}
